
Microsoft Visual Studio Solution File, Format Version 12.00
# Visual Studio Version 17
VisualStudioVersion = 17.14.36429.23
MinimumVisualStudioVersion = 10.0.40219.1
Project("{FAE04EC0-301F-11D3-BF4B-00C04F79EFBC}") = "Host", "Host\Host.csproj", "{095B6CF3-CDCB-4E47-9087-B350DC44FB44}"
EndProject
Project("{FAE04EC0-301F-11D3-BF4B-00C04F79EFBC}") = "DamasChinas_Server", "DamasChinas_Server\DamasChinas_Server.csproj", "{3E751113-C65C-458A-B22A-ACA914F8FA9B}"
EndProject
Project("{FAE04EC0-301F-11D3-BF4B-00C04F79EFBC}") = "DamasChinas_Shared", "..\DamasChinas_Shared\DamasChinas_Shared.csproj", "{8045C89F-F922-4E55-856F-D7F3F6409B57}"
EndProject
Project("{FAE04EC0-301F-11D3-BF4B-00C04F79EFBC}") = "DamasChinas_Tests", "DamasChinas_Pruebas\DamasChinas_Tests.csproj", "{48BEABB1-B0FF-4483-B491-E654AAE2E0A6}"
EndProject
Global
	GlobalSection(SolutionConfigurationPlatforms) = preSolution
		Debug|Any CPU = Debug|Any CPU
		Release|Any CPU = Release|Any CPU
	EndGlobalSection
	GlobalSection(ProjectConfigurationPlatforms) = postSolution
		{095B6CF3-CDCB-4E47-9087-B350DC44FB44}.Debug|Any CPU.ActiveCfg = Debug|Any CPU
		{095B6CF3-CDCB-4E47-9087-B350DC44FB44}.Debug|Any CPU.Build.0 = Debug|Any CPU
		{095B6CF3-CDCB-4E47-9087-B350DC44FB44}.Release|Any CPU.ActiveCfg = Release|Any CPU
		{095B6CF3-CDCB-4E47-9087-B350DC44FB44}.Release|Any CPU.Build.0 = Release|Any CPU
		{3E751113-C65C-458A-B22A-ACA914F8FA9B}.Debug|Any CPU.ActiveCfg = Debug|Any CPU
		{3E751113-C65C-458A-B22A-ACA914F8FA9B}.Debug|Any CPU.Build.0 = Debug|Any CPU
		{3E751113-C65C-458A-B22A-ACA914F8FA9B}.Release|Any CPU.ActiveCfg = Release|Any CPU
		{3E751113-C65C-458A-B22A-ACA914F8FA9B}.Release|Any CPU.Build.0 = Release|Any CPU
		{8045C89F-F922-4E55-856F-D7F3F6409B57}.Debug|Any CPU.ActiveCfg = Debug|Any CPU
		{8045C89F-F922-4E55-856F-D7F3F6409B57}.Debug|Any CPU.Build.0 = Debug|Any CPU
		{8045C89F-F922-4E55-856F-D7F3F6409B57}.Release|Any CPU.ActiveCfg = Release|Any CPU
		{8045C89F-F922-4E55-856F-D7F3F6409B57}.Release|Any CPU.Build.0 = Release|Any CPU
		{48BEABB1-B0FF-4483-B491-E654AAE2E0A6}.Debug|Any CPU.ActiveCfg = Debug|Any CPU
		{48BEABB1-B0FF-4483-B491-E654AAE2E0A6}.Debug|Any CPU.Build.0 = Debug|Any CPU
		{48BEABB1-B0FF-4483-B491-E654AAE2E0A6}.Release|Any CPU.ActiveCfg = Release|Any CPU
		{48BEABB1-B0FF-4483-B491-E654AAE2E0A6}.Release|Any CPU.Build.0 = Release|Any CPU
	EndGlobalSection
	GlobalSection(SolutionProperties) = preSolution
		HideSolutionNode = FALSE
	EndGlobalSection
	GlobalSection(ExtensibilityGlobals) = postSolution
		SolutionGuid = {598F988C-01F9-492D-A701-2F49BF4F61A8}
	EndGlobalSection
EndGlobal
